
Microsoft Visual Studio Solution File, Format Version 12.00
# Visual Studio Version 17
VisualStudioVersion = 17.3.32922.545
MinimumVisualStudioVersion = 10.0.40219.1
Project("{9A19103F-16F7-4668-BE54-9A1E7A4F7556}") = "Startup", "Startup\Startup.csproj", "{3C3087B5-08E1-4A66-82E2-BBB228DB5585}"
EndProject
Project("{9A19103F-16F7-4668-BE54-9A1E7A4F7556}") = "Forms", "Forms\Forms.csproj", "{657C95B5-249E-44F7-A2BD-47A090136F4A}"
EndProject
Global
	GlobalSection(SolutionConfigurationPlatforms) = preSolution
		Debug|Any CPU = Debug|Any CPU
		Release|Any CPU = Release|Any CPU
	EndGlobalSection
	GlobalSection(ProjectConfigurationPlatforms) = postSolution
		{3C3087B5-08E1-4A66-82E2-BBB228DB5585}.Debug|Any CPU.ActiveCfg = Debug|Any CPU
		{3C3087B5-08E1-4A66-82E2-BBB228DB5585}.Debug|Any CPU.Build.0 = Debug|Any CPU
		{3C3087B5-08E1-4A66-82E2-BBB228DB5585}.Release|Any CPU.ActiveCfg = Release|Any CPU
		{3C3087B5-08E1-4A66-82E2-BBB228DB5585}.Release|Any CPU.Build.0 = Release|Any CPU
		{657C95B5-249E-44F7-A2BD-47A090136F4A}.Debug|Any CPU.ActiveCfg = Debug|Any CPU
		{657C95B5-249E-44F7-A2BD-47A090136F4A}.Debug|Any CPU.Build.0 = Debug|Any CPU
		{657C95B5-249E-44F7-A2BD-47A090136F4A}.Release|Any CPU.ActiveCfg = Release|Any CPU
		{657C95B5-249E-44F7-A2BD-47A090136F4A}.Release|Any CPU.Build.0 = Release|Any CPU
	EndGlobalSection
	GlobalSection(SolutionProperties) = preSolution
		HideSolutionNode = FALSE
	EndGlobalSection
	GlobalSection(ExtensibilityGlobals) = postSolution
		SolutionGuid = {F0860225-16C4-45F4-B4CD-2875A075CDCB}
	EndGlobalSection
EndGlobal
